{
  "name": "project",
  "version": "0.0.1",
  "lockfileVersion": 3,
  "requires": true,
  "packages": {
    "": {
      "dependencies": {
        "@fontsource/space-grotesk": "^5.0.0"
      }
    },
    "node_modules/@fontsource/space-grotesk": {
      "version": "5.2.7",
      "resolved": "https://registry.npmjs.org/@fontsource/space-grotesk/-/space-grotesk-5.2.7.tgz",
      "integrity": "sha512-erQDZxKdwm5g+47wqJRxh6FB4SJeIgjaK5Iyuht9lGlZ4Wl4Qqv+8xan6oBRfsJHUjALJVQ/fNTIdv9/kIEf+Q==",
      "license": "OFL-1.1",
      "funding": {
        "url": "https://github.com/sponsors/ayuhito"
      }
    }
  }
}
